// !$*UTF8*$!
{
	archiveVersion = 1;
	classes = {
	};
	objectVersion = 48;
	objects = {

/* Begin PBXBuildFile section */
		C1449E172007FDFC00C409B5 /* AppDelegate.swift in Sources */ = {isa = PBXBuildFile; fileRef = C1449E162007FDFC00C409B5 /* AppDelegate.swift */; };
		C1449E192007FDFC00C409B5 /* ViewController.swift in Sources */ = {isa = PBXBuildFile; fileRef = C1449E182007FDFC00C409B5 /* ViewController.swift */; };
		C1449E1C2007FDFC00C409B5 /* Main.storyboard in Resources */ = {isa = PBXBuildFile; fileRef = C1449E1A2007FDFC00C409B5 /* Main.storyboard */; };
		C1449E1F2007FDFC00C409B5 /* OAuthTest.xcdatamodeld in Sources */ = {isa = PBXBuildFile; fileRef = C1449E1D2007FDFC00C409B5 /* OAuthTest.xcdatamodeld */; };
		C1449E212007FDFC00C409B5 /* Assets.xcassets in Resources */ = {isa = PBXBuildFile; fileRef = C1449E202007FDFC00C409B5 /* Assets.xcassets */; };
		C1449E242007FDFC00C409B5 /* LaunchScreen.storyboard in Resources */ = {isa = PBXBuildFile; fileRef = C1449E222007FDFC00C409B5 /* LaunchScreen.storyboard */; };
		C1449E2F2007FDFC00C409B5 /* OAuthTestTests.swift in Sources */ = {isa = PBXBuildFile; fileRef = C1449E2E2007FDFC00C409B5 /* OAuthTestTests.swift */; };
		C1449E3A2007FDFC00C409B5 /* OAuthTestUITests.swift in Sources */ = {isa = PBXBuildFile; fileRef = C1449E392007FDFC00C409B5 /* OAuthTestUITests.swift */; };
/* End PBXBuildFile section */

/* Begin PBXContainerItemProxy section */
		C1449E2B2007FDFC00C409B5 /* PBXContainerItemProxy */ = {
			isa = PBXContainerItemProxy;
			containerPortal = C1449E0B2007FDFC00C409B5 /* Project object */;
			proxyType = 1;
			remoteGlobalIDString = C1449E122007FDFC00C409B5;
			remoteInfo = OAuthTest;
		};
		C1449E362007FDFC00C409B5 /* PBXContainerItemProxy */ = {
			isa = PBXContainerItemProxy;
			containerPortal = C1449E0B2007FDFC00C409B5 /* Project object */;
			proxyType = 1;
			remoteGlobalIDString = C1449E122007FDFC00C409B5;
			remoteInfo = OAuthTest;
		};
/* End PBXContainerItemProxy section */

/* Begin PBXFileReference section */
		C1449E132007FDFC00C409B5 /* OAuthTest.app */ = {isa = PBXFileReference; explicitFileType = wrapper.application; includeInIndex = 0; path = OAuthTest.app; sourceTree = BUILT_PRODUCTS_DIR; };
		C1449E162007FDFC00C409B5 /* AppDelegate.swift */ = {isa = PBXFileReference; lastKnownFileType = sourcecode.swift; path = AppDelegate.swift; sourceTree = "<group>"; };
		C1449E182007FDFC00C409B5 /* ViewController.swift */ = {isa = PBXFileReference; lastKnownFileType = sourcecode.swift; path = ViewController.swift; sourceTree = "<group>"; };
		C1449E1B2007FDFC00C409B5 /* Base */ = {isa = PBXFileReference; lastKnownFileType = file.storyboard; name = Base; path = Base.lproj/Main.storyboard; sourceTree = "<group>"; };
		C1449E1E2007FDFC00C409B5 /* OAuthTest.xcdatamodel */ = {isa = PBXFileReference; lastKnownFileType = wrapper.xcdatamodel; path = OAuthTest.xcdatamodel; sourceTree = "<group>"; };
		C1449E202007FDFC00C409B5 /* Assets.xcassets */ = {isa = PBXFileReference; lastKnownFileType = folder.assetcatalog; path = Assets.xcassets; sourceTree = "<group>"; };
		C1449E232007FDFC00C409B5 /* Base */ = {isa = PBXFileReference; lastKnownFileType = file.storyboard; name = Base; path = Base.lproj/LaunchScreen.storyboard; sourceTree = "<group>"; };
		C1449E252007FDFC00C409B5 /* Info.plist */ = {isa = PBXFileReference; lastKnownFileType = text.plist.xml; path = Info.plist; sourceTree = "<group>"; };
		C1449E2A2007FDFC00C409B5 /* OAuthTestTests.xctest */ = {isa = PBXFileReference; explicitFileType = wrapper.cfbundle; includeInIndex = 0; path = OAuthTestTests.xctest; sourceTree = BUILT_PRODUCTS_DIR; };
		C1449E2E2007FDFC00C409B5 /* OAuthTestTests.swift */ = {isa = PBXFileReference; lastKnownFileType = sourcecode.swift; path = OAuthTestTests.swift; sourceTree = "<group>"; };
		C1449E302007FDFC00C409B5 /* Info.plist */ = {isa = PBXFileReference; lastKnownFileType = text.plist.xml; path = Info.plist; sourceTree = "<group>"; };
		C1449E352007FDFC00C409B5 /* OAuthTestUITests.xctest */ = {isa = PBXFileReference; explicitFileType = wrapper.cfbundle; includeInIndex = 0; path = OAuthTestUITests.xctest; sourceTree = BUILT_PRODUCTS_DIR; };
		C1449E392007FDFC00C409B5 /* OAuthTestUITests.swift */ = {isa = PBXFileReference; lastKnownFileType = sourcecode.swift; path = OAuthTestUITests.swift; sourceTree = "<group>"; };
		C1449E3B2007FDFC00C409B5 /* Info.plist */ = {isa = PBXFileReference; lastKnownFileType = text.plist.xml; path = Info.plist; sourceTree = "<group>"; };
/* End PBXFileReference section */

/* Begin PBXFrameworksBuildPhase section */
		C1449E102007FDFC00C409B5 /* Frameworks */ = {
			isa = PBXFrameworksBuildPhase;
			buildActionMask = 2147483647;
			files = (
			);
			runOnlyForDeploymentPostprocessing = 0;
		};
		C1449E272007FDFC00C409B5 /* Frameworks */ = {
			isa = PBXFrameworksBuildPhase;
			buildActionMask = 2147483647;
			files = (
			);
			runOnlyForDeploymentPostprocessing = 0;
		};
		C1449E322007FDFC00C409B5 /* Frameworks */ = {
			isa = PBXFrameworksBuildPhase;
			buildActionMask = 2147483647;
			files = (
			);
			runOnlyForDeploymentPostprocessing = 0;
		};
/* End PBXFrameworksBuildPhase section */

/* Begin PBXGroup section */
		C1449E0A2007FDFC00C409B5 = {
			isa = PBXGroup;
			children = (
				C1449E152007FDFC00C409B5 /* OAuthTest */,
				C1449E2D2007FDFC00C409B5 /* OAuthTestTests */,
				C1449E382007FDFC00C409B5 /* OAuthTestUITests */,
				C1449E142007FDFC00C409B5 /* Products */,
			);
			sourceTree = "<group>";
		};
		C1449E142007FDFC00C409B5 /* Products */ = {
			isa = PBXGroup;
			children = (
				C1449E132007FDFC00C409B5 /* OAuthTest.app */,
				C1449E2A2007FDFC00C409B5 /* OAuthTestTests.xctest */,
				C1449E352007FDFC00C409B5 /* OAuthTestUITests.xctest */,
			);
			name = Products;
			sourceTree = "<group>";
		};
		C1449E152007FDFC00C409B5 /* OAuthTest */ = {
			isa = PBXGroup;
			children = (
				C1449E162007FDFC00C409B5 /* AppDelegate.swift */,
				C1449E182007FDFC00C409B5 /* ViewController.swift */,
				C1449E1A2007FDFC00C409B5 /* Main.storyboard */,
				C1449E202007FDFC00C409B5 /* Assets.xcassets */,
				C1449E222007FDFC00C409B5 /* LaunchScreen.storyboard */,
				C1449E252007FDFC00C409B5 /* Info.plist */,
				C1449E1D2007FDFC00C409B5 /* OAuthTest.xcdatamodeld */,
			);
			path = OAuthTest;
			sourceTree = "<group>";
		};
		C1449E2D2007FDFC00C409B5 /* OAuthTestTests */ = {
			isa = PBXGroup;
			children = (
				C1449E2E2007FDFC00C409B5 /* OAuthTestTests.swift */,
				C1449E302007FDFC00C409B5 /* Info.plist */,
			);
			path = OAuthTestTests;
			sourceTree = "<group>";
		};
		C1449E382007FDFC00C409B5 /* OAuthTestUITests */ = {
			isa = PBXGroup;
			children = (
				C1449E392007FDFC00C409B5 /* OAuthTestUITests.swift */,
				C1449E3B2007FDFC00C409B5 /* Info.plist */,
			);
			path = OAuthTestUITests;
			sourceTree = "<group>";
		};
/* End PBXGroup section */

/* Begin PBXNativeTarget section */
		C1449E122007FDFC00C409B5 /* OAuthTest */ = {
			isa = PBXNativeTarget;
			buildConfigurationList = C1449E3E2007FDFC00C409B5 /* Build configuration list for PBXNativeTarget "OAuthTest" */;
			buildPhases = (
				C1449E0F2007FDFC00C409B5 /* Sources */,
				C1449E102007FDFC00C409B5 /* Frameworks */,
				C1449E112007FDFC00C409B5 /* Resources */,
			);
			buildRules = (
			);
			dependencies = (
			);
			name = OAuthTest;
			productName = OAuthTest;
			productReference = C1449E132007FDFC00C409B5 /* OAuthTest.app */;
			productType = "com.apple.product-type.application";
		};
		C1449E292007FDFC00C409B5 /* OAuthTestTests */ = {
			isa = PBXNativeTarget;
			buildConfigurationList = C1449E412007FDFC00C409B5 /* Build configuration list for PBXNativeTarget "OAuthTestTests" */;
			buildPhases = (
				C1449E262007FDFC00C409B5 /* Sources */,
				C1449E272007FDFC00C409B5 /* Frameworks */,
				C1449E282007FDFC00C409B5 /* Resources */,
			);
			buildRules = (
			);
			dependencies = (
				C1449E2C2007FDFC00C409B5 /* PBXTargetDependency */,
			);
			name = OAuthTestTests;
			productName = OAuthTestTests;
			productReference = C1449E2A2007FDFC00C409B5 /* OAuthTestTests.xctest */;
			productType = "com.apple.product-type.bundle.unit-test";
		};
		C1449E342007FDFC00C409B5 /* OAuthTestUITests */ = {
			isa = PBXNativeTarget;
			buildConfigurationList = C1449E442007FDFC00C409B5 /* Build configuration list for PBXNativeTarget "OAuthTestUITests" */;
			buildPhases = (
				C1449E312007FDFC00C409B5 /* Sources */,
				C1449E322007FDFC00C409B5 /* Frameworks */,
				C1449E332007FDFC00C409B5 /* Resources */,
			);
			buildRules = (
			);
			dependencies = (
				C1449E372007FDFC00C409B5 /* PBXTargetDependency */,
			);
			name = OAuthTestUITests;
			productName = OAuthTestUITests;
			productReference = C1449E352007FDFC00C409B5 /* OAuthTestUITests.xctest */;
			productType = "com.apple.product-type.bundle.ui-testing";
		};
/* End PBXNativeTarget section */

/* Begin PBXProject section */
		C1449E0B2007FDFC00C409B5 /* Project object */ = {
			isa = PBXProject;
			attributes = {
				LastSwiftUpdateCheck = 0920;
				LastUpgradeCheck = 0920;
				ORGANIZATIONNAME = "Patrick Moening";
				TargetAttributes = {
					C1449E122007FDFC00C409B5 = {
						CreatedOnToolsVersion = 9.2;
						ProvisioningStyle = Automatic;
					};
					C1449E292007FDFC00C409B5 = {
						CreatedOnToolsVersion = 9.2;
						ProvisioningStyle = Automatic;
						TestTargetID = C1449E122007FDFC00C409B5;
					};
					C1449E342007FDFC00C409B5 = {
						CreatedOnToolsVersion = 9.2;
						ProvisioningStyle = Automatic;
						TestTargetID = C1449E122007FDFC00C409B5;
					};
				};
			};
			buildConfigurationList = C1449E0E2007FDFC00C409B5 /* Build configuration list for PBXProject "OAuthTest" */;
			compatibilityVersion = "Xcode 8.0";
			developmentRegion = en;
			hasScannedForEncodings = 0;
			knownRegions = (
				en,
				Base,
			);
			mainGroup = C1449E0A2007FDFC00C409B5;
			productRefGroup = C1449E142007FDFC00C409B5 /* Products */;
			projectDirPath = "";
			projectRoot = "";
			targets = (
				C1449E122007FDFC00C409B5 /* OAuthTest */,
				C1449E292007FDFC00C409B5 /* OAuthTestTests */,
				C1449E342007FDFC00C409B5 /* OAuthTestUITests */,
			);
		};
/* End PBXProject section */

/* Begin PBXResourcesBuildPhase section */
		C1449E112007FDFC00C409B5 /* Resources */ = {
			isa = PBXResourcesBuildPhase;
			buildActionMask = 2147483647;
			files = (
				C1449E242007FDFC00C409B5 /* LaunchScreen.storyboard in Resources */,
				C1449E212007FDFC00C409B5 /* Assets.xcassets in Resources */,
				C1449E1C2007FDFC00C409B5 /* Main.storyboard in Resources */,
			);
			runOnlyForDeploymentPostprocessing = 0;
		};
		C1449E282007FDFC00C409B5 /* Resources */ = {
			isa = PBXResourcesBuildPhase;
			buildActionMask = 2147483647;
			files = (
			);
			runOnlyForDeploymentPostprocessing = 0;
		};
		C1449E332007FDFC00C409B5 /* Resources */ = {
			isa = PBXResourcesBuildPhase;
			buildActionMask = 2147483647;
			files = (
			);
			runOnlyForDeploymentPostprocessing = 0;
		};
/* End PBXResourcesBuildPhase section */

/* Begin PBXSourcesBuildPhase section */
		C1449E0F2007FDFC00C409B5 /* Sources */ = {
			isa = PBXSourcesBuildPhase;
			buildActionMask = 2147483647;
			files = (
				C1449E192007FDFC00C409B5 /* ViewController.swift in Sources */,
				C1449E172007FDFC00C409B5 /* AppDelegate.swift in Sources */,
				C1449E1F2007FDFC00C409B5 /* OAuthTest.xcdatamodeld in Sources */,
			);
			runOnlyForDeploymentPostprocessing = 0;
		};
		C1449E262007FDFC00C409B5 /* Sources */ = {
			isa = PBXSourcesBuildPhase;
			buildActionMask = 2147483647;
			files = (
				C1449E2F2007FDFC00C409B5 /* OAuthTestTests.swift in Sources */,
			);
			runOnlyForDeploymentPostprocessing = 0;
		};
		C1449E312007FDFC00C409B5 /* Sources */ = {
			isa = PBXSourcesBuildPhase;
			buildActionMask = 2147483647;
			files = (
				C1449E3A2007FDFC00C409B5 /* OAuthTestUITests.swift in Sources */,
			);
			runOnlyForDeploymentPostprocessing = 0;
		};
/* End PBXSourcesBuildPhase section */

/* Begin PBXTargetDependency section */
		C1449E2C2007FDFC00C409B5 /* PBXTargetDependency */ = {
			isa = PBXTargetDependency;
			target = C1449E122007FDFC00C409B5 /* OAuthTest */;
			targetProxy = C1449E2B2007FDFC00C409B5 /* PBXContainerItemProxy */;
		};
		C1449E372007FDFC00C409B5 /* PBXTargetDependency */ = {
			isa = PBXTargetDependency;
			target = C1449E122007FDFC00C409B5 /* OAuthTest */;
			targetProxy = C1449E362007FDFC00C409B5 /* PBXContainerItemProxy */;
		};
/* End PBXTargetDependency section */

/* Begin PBXVariantGroup section */
		C1449E1A2007FDFC00C409B5 /* Main.storyboard */ = {
			isa = PBXVariantGroup;
			children = (
				C1449E1B2007FDFC00C409B5 /* Base */,
			);
			name = Main.storyboard;
			sourceTree = "<group>";
		};
		C1449E222007FDFC00C409B5 /* LaunchScreen.storyboard */ = {
			isa = PBXVariantGroup;
			children = (
				C1449E232007FDFC00C409B5 /* Base */,
			);
			name = LaunchScreen.storyboard;
			sourceTree = "<group>";
		};
/* End PBXVariantGroup section */

/* Begin XCBuildConfiguration section */
		C1449E3C2007FDFC00C409B5 /* Debug */ = {
			isa = XCBuildConfiguration;
			buildSettings = {
				ALWAYS_SEARCH_USER_PATHS = NO;
				CLANG_ANALYZER_NONNULL = YES;
				CLANG_ANALYZER_NUMBER_OBJECT_CONVERSION = YES_AGGRESSIVE;
				CLANG_CXX_LANGUAGE_STANDARD = "gnu++14";
				CLANG_CXX_LIBRARY = "libc++";
				CLANG_ENABLE_MODULES = YES;
				CLANG_ENABLE_OBJC_ARC = YES;
				CLANG_WARN_BLOCK_CAPTURE_AUTORELEASING = YES;
				CLANG_WARN_BOOL_CONVERSION = YES;
				CLANG_WARN_COMMA = YES;
				CLANG_WARN_CONSTANT_CONVERSION = YES;
				CLANG_WARN_DIRECT_OBJC_ISA_USAGE = YES_ERROR;
				CLANG_WARN_DOCUMENTATION_COMMENTS = YES;
				CLANG_WARN_EMPTY_BODY = YES;
				CLANG_WARN_ENUM_CONVERSION = YES;
				CLANG_WARN_INFINITE_RECURSION = YES;
				CLANG_WARN_INT_CONVERSION = YES;
				CLANG_WARN_NON_LITERAL_NULL_CONVERSION = YES;
				CLANG_WARN_OBJC_LITERAL_CONVERSION = YES;
				CLANG_WARN_OBJC_ROOT_CLASS = YES_ERROR;
				CLANG_WARN_RANGE_LOOP_ANALYSIS = YES;
				CLANG_WARN_STRICT_PROTOTYPES = YES;
				CLANG_WARN_SUSPICIOUS_MOVE = YES;
				CLANG_WARN_UNGUARDED_AVAILABILITY = YES_AGGRESSIVE;
				CLANG_WARN_UNREACHABLE_CODE = YES;
				CLANG_WARN__DUPLICATE_METHOD_MATCH = YES;
				CODE_SIGN_IDENTITY = "iPhone Developer";
				COPY_PHASE_STRIP = NO;
				DEBUG_INFORMATION_FORMAT = dwarf;
				ENABLE_STRICT_OBJC_MSGSEND = YES;
				ENABLE_TESTABILITY = YES;
				GCC_C_LANGUAGE_STANDARD = gnu11;
				GCC_DYNAMIC_NO_PIC = NO;
				GCC_NO_COMMON_BLOCKS = YES;
				GCC_OPTIMIZATION_LEVEL = 0;
				GCC_PREPROCESSOR_DEFINITIONS = (
					"DEBUG=1",
					"$(inherited)",
				);
				GCC_WARN_64_TO_32_BIT_CONVERSION = YES;
				GCC_WARN_ABOUT_RETURN_TYPE = YES_ERROR;
				GCC_WARN_UNDECLARED_SELECTOR = YES;
				GCC_WARN_UNINITIALIZED_AUTOS = YES_AGGRESSIVE;
				GCC_WARN_UNUSED_FUNCTION = YES;
				GCC_WARN_UNUSED_VARIABLE = YES;
				IPHONEOS_DEPLOYMENT_TARGET = 11.2;
				MTL_ENABLE_DEBUG_INFO = YES;
				ONLY_ACTIVE_ARCH = YES;
				SDKROOT = iphoneos;
				SWIFT_ACTIVE_COMPILATION_CONDITIONS = DEBUG;
				SWIFT_OPTIMIZATION_LEVEL = "-Onone";
			};
			name = Debug;
		};
		C1449E3D2007FDFC00C409B5 /* Release */ = {
			isa = XCBuildConfiguration;
			buildSettings = {
				ALWAYS_SEARCH_USER_PATHS = NO;
				CLANG_ANALYZER_NONNULL = YES;
				CLANG_ANALYZER_NUMBER_OBJECT_CONVERSION = YES_AGGRESSIVE;
				CLANG_CXX_LANGUAGE_STANDARD = "gnu++14";
				CLANG_CXX_LIBRARY = "libc++";
				CLANG_ENABLE_MODULES = YES;
				CLANG_ENABLE_OBJC_ARC = YES;
				CLANG_WARN_BLOCK_CAPTURE_AUTORELEASING = YES;
				CLANG_WARN_BOOL_CONVERSION = YES;
				CLANG_WARN_COMMA = YES;
				CLANG_WARN_CONSTANT_CONVERSION = YES;
				CLANG_WARN_DIRECT_OBJC_ISA_USAGE = YES_ERROR;
				CLANG_WARN_DOCUMENTATION_COMMENTS = YES;
				CLANG_WARN_EMPTY_BODY = YES;
				CLANG_WARN_ENUM_CONVERSION = YES;
				CLANG_WARN_INFINITE_RECURSION = YES;
				CLANG_WARN_INT_CONVERSION = YES;
				CLANG_WARN_NON_LITERAL_NULL_CONVERSION = YES;
				CLANG_WARN_OBJC_LITERAL_CONVERSION = YES;
				CLANG_WARN_OBJC_ROOT_CLASS = YES_ERROR;
				CLANG_WARN_RANGE_LOOP_ANALYSIS = YES;
				CLANG_WARN_STRICT_PROTOTYPES = YES;
				CLANG_WARN_SUSPICIOUS_MOVE = YES;
				CLANG_WARN_UNGUARDED_AVAILABILITY = YES_AGGRESSIVE;
				CLANG_WARN_UNREACHABLE_CODE = YES;
				CLANG_WARN__DUPLICATE_METHOD_MATCH = YES;
				CODE_SIGN_IDENTITY = "iPhone Developer";
				COPY_PHASE_STRIP = NO;
				DEBUG_INFORMATION_FORMAT = "dwarf-with-dsym";
				ENABLE_NS_ASSERTIONS = NO;
				ENABLE_STRICT_OBJC_MSGSEND = YES;
				GCC_C_LANGUAGE_STANDARD = gnu11;
				GCC_NO_COMMON_BLOCKS = YES;
				GCC_WARN_64_TO_32_BIT_CONVERSION = YES;
				GCC_WARN_ABOUT_RETURN_TYPE = YES_ERROR;
				GCC_WARN_UNDECLARED_SELECTOR = YES;
				GCC_WARN_UNINITIALIZED_AUTOS = YES_AGGRESSIVE;
				GCC_WARN_UNUSED_FUNCTION = YES;
				GCC_WARN_UNUSED_VARIABLE = YES;
				IPHONEOS_DEPLOYMENT_TARGET = 11.2;
				MTL_ENABLE_DEBUG_INFO = NO;
				SDKROOT = iphoneos;
				SWIFT_OPTIMIZATION_LEVEL = "-Owholemodule";
				VALIDATE_PRODUCT = YES;
			};
			name = Release;
		};
		C1449E3F2007FDFC00C409B5 /* Debug */ = {
			isa = XCBuildConfiguration;
			buildSettings = {
				ASSETCATALOG_COMPILER_APPICON_NAME = AppIcon;
				CODE_SIGN_STYLE = Automatic;
				DEVELOPMENT_TEAM = 9ML6JXQQMC;
				INFOPLIST_FILE = OAuthTest/Info.plist;
				LD_RUNPATH_SEARCH_PATHS = "$(inherited) @executable_path/Frameworks";
				PRODUCT_BUNDLE_IDENTIFIER = com.patrickmoening.OAuthTest;
				PRODUCT_NAME = "$(TARGET_NAME)";
				SWIFT_VERSION = 4.0;
				TARGETED_DEVICE_FAMILY = "1,2";
			};
			name = Debug;
		};
		C1449E402007FDFC00C409B5 /* Release */ = {
			isa = XCBuildConfiguration;
			buildSettings = {
				ASSETCATALOG_COMPILER_APPICON_NAME = AppIcon;
				CODE_SIGN_STYLE = Automatic;
				DEVELOPMENT_TEAM = 9ML6JXQQMC;
				INFOPLIST_FILE = OAuthTest/Info.plist;
				LD_RUNPATH_SEARCH_PATHS = "$(inherited) @executable_path/Frameworks";
				PRODUCT_BUNDLE_IDENTIFIER = com.patrickmoening.OAuthTest;
				PRODUCT_NAME = "$(TARGET_NAME)";
				SWIFT_VERSION = 4.0;
				TARGETED_DEVICE_FAMILY = "1,2";
			};
			name = Release;
		};
		C1449E422007FDFC00C409B5 /* Debug */ = {
			isa = XCBuildConfiguration;
			buildSettings = {
				ALWAYS_EMBED_SWIFT_STANDARD_LIBRARIES = YES;
				BUNDLE_LOADER = "$(TEST_HOST)";
				CODE_SIGN_STYLE = Automatic;
				DEVELOPMENT_TEAM = 9ML6JXQQMC;
				INFOPLIST_FILE = OAuthTestTests/Info.plist;
				LD_RUNPATH_SEARCH_PATHS = "$(inherited) @executable_path/Frameworks @loader_path/Frameworks";
				PRODUCT_BUNDLE_IDENTIFIER = com.patrickmoening.OAuthTestTests;
				PRODUCT_NAME = "$(TARGET_NAME)";
				SWIFT_VERSION = 4.0;
				TARGETED_DEVICE_FAMILY = "1,2";
				TEST_HOST = "$(BUILT_PRODUCTS_DIR)/OAuthTest.app/OAuthTest";
			};
			name = Debug;
		};
		C1449E432007FDFC00C409B5 /* Release */ = {
			isa = XCBuildConfiguration;
			buildSettings = {
				ALWAYS_EMBED_SWIFT_STANDARD_LIBRARIES = YES;
				BUNDLE_LOADER = "$(TEST_HOST)";
				CODE_SIGN_STYLE = Automatic;
				DEVELOPMENT_TEAM = 9ML6JXQQMC;
				INFOPLIST_FILE = OAuthTestTests/Info.plist;
				LD_RUNPATH_SEARCH_PATHS = "$(inherited) @executable_path/Frameworks @loader_path/Frameworks";
				PRODUCT_BUNDLE_IDENTIFIER = com.patrickmoening.OAuthTestTests;
				PRODUCT_NAME = "$(TARGET_NAME)";
				SWIFT_VERSION = 4.0;
				TARGETED_DEVICE_FAMILY = "1,2";
				TEST_HOST = "$(BUILT_PRODUCTS_DIR)/OAuthTest.app/OAuthTest";
			};
			name = Release;
		};
		C1449E452007FDFC00C409B5 /* Debug */ = {
			isa = XCBuildConfiguration;
			buildSettings = {
				ALWAYS_EMBED_SWIFT_STANDARD_LIBRARIES = YES;
				CODE_SIGN_STYLE = Automatic;
				DEVELOPMENT_TEAM = 9ML6JXQQMC;
				INFOPLIST_FILE = OAuthTestUITests/Info.plist;
				LD_RUNPATH_SEARCH_PATHS = "$(inherited) @executable_path/Frameworks @loader_path/Frameworks";
				PRODUCT_BUNDLE_IDENTIFIER = com.patrickmoening.OAuthTestUITests;
				PRODUCT_NAME = "$(TARGET_NAME)";
				SWIFT_VERSION = 4.0;
				TARGETED_DEVICE_FAMILY = "1,2";
				TEST_TARGET_NAME = OAuthTest;
			};
			name = Debug;
		};
		C1449E462007FDFC00C409B5 /* Release */ = {
			isa = XCBuildConfiguration;
			buildSettings = {
				ALWAYS_EMBED_SWIFT_STANDARD_LIBRARIES = YES;
				CODE_SIGN_STYLE = Automatic;
				DEVELOPMENT_TEAM = 9ML6JXQQMC;
				INFOPLIST_FILE = OAuthTestUITests/Info.plist;
				LD_RUNPATH_SEARCH_PATHS = "$(inherited) @executable_path/Frameworks @loader_path/Frameworks";
				PRODUCT_BUNDLE_IDENTIFIER = com.patrickmoening.OAuthTestUITests;
				PRODUCT_NAME = "$(TARGET_NAME)";
				SWIFT_VERSION = 4.0;
				TARGETED_DEVICE_FAMILY = "1,2";
				TEST_TARGET_NAME = OAuthTest;
			};
			name = Release;
		};
/* End XCBuildConfiguration section */

/* Begin XCConfigurationList section */
		C1449E0E2007FDFC00C409B5 /* Build configuration list for PBXProject "OAuthTest" */ = {
			isa = XCConfigurationList;
			buildConfigurations = (
				C1449E3C2007FDFC00C409B5 /* Debug */,
				C1449E3D2007FDFC00C409B5 /* Release */,
			);
			defaultConfigurationIsVisible = 0;
			defaultConfigurationName = Release;
		};
		C1449E3E2007FDFC00C409B5 /* Build configuration list for PBXNativeTarget "OAuthTest" */ = {
			isa = XCConfigurationList;
			buildConfigurations = (
				C1449E3F2007FDFC00C409B5 /* Debug */,
				C1449E402007FDFC00C409B5 /* Release */,
			);
			defaultConfigurationIsVisible = 0;
			defaultConfigurationName = Release;
		};
		C1449E412007FDFC00C409B5 /* Build configuration list for PBXNativeTarget "OAuthTestTests" */ = {
			isa = XCConfigurationList;
			buildConfigurations = (
				C1449E422007FDFC00C409B5 /* Debug */,
				C1449E432007FDFC00C409B5 /* Release */,
			);
			defaultConfigurationIsVisible = 0;
			defaultConfigurationName = Release;
		};
		C1449E442007FDFC00C409B5 /* Build configuration list for PBXNativeTarget "OAuthTestUITests" */ = {
			isa = XCConfigurationList;
			buildConfigurations = (
				C1449E452007FDFC00C409B5 /* Debug */,
				C1449E462007FDFC00C409B5 /* Release */,
			);
			defaultConfigurationIsVisible = 0;
			defaultConfigurationName = Release;
		};
/* End XCConfigurationList section */

/* Begin XCVersionGroup section */
		C1449E1D2007FDFC00C409B5 /* OAuthTest.xcdatamodeld */ = {
			isa = XCVersionGroup;
			children = (
				C1449E1E2007FDFC00C409B5 /* OAuthTest.xcdatamodel */,
			);
			currentVersion = C1449E1E2007FDFC00C409B5 /* OAuthTest.xcdatamodel */;
			path = OAuthTest.xcdatamodeld;
			sourceTree = "<group>";
			versionGroupType = wrapper.xcdatamodel;
		};
/* End XCVersionGroup section */
	};
	rootObject = C1449E0B2007FDFC00C409B5 /* Project object */;
}
